
Microsoft Visual Studio Solution File, Format Version 12.00
# Visual Studio Version 17
VisualStudioVersion = 17.1.32228.430
MinimumVisualStudioVersion = 10.0.40219.1
Project("{FAE04EC0-301F-11D3-BF4B-00C04F79EFBC}") = "1-PrimeiroProjeto", "1-PrimeiroProjeto\1-PrimeiroProjeto.csproj", "{A67407B3-2412-4CFF-9656-482CB7AE3455}"
EndProject
Project("{FAE04EC0-301F-11D3-BF4B-00C04F79EFBC}") = "2-CriandoVariaveis", "2-CriandoVariaveis\2-CriandoVariaveis.csproj", "{992C43E7-FC62-409C-BE27-BBECF4CE324F}"
EndProject
Project("{FAE04EC0-301F-11D3-BF4B-00C04F79EFBC}") = "3-CriandoVariaveisPontoFlutuante", "3-CriandoVariaveisPontoFlutuante\3-CriandoVariaveisPontoFlutuante.csproj", "{AAEE3F38-C714-422E-B73F-C57356EC5E4C}"
EndProject
Project("{FAE04EC0-301F-11D3-BF4B-00C04F79EFBC}") = "4-ConversoesEOutrosTIposNumericos", "4-ConversoesEOutrosTIposNumericos\4-ConversoesEOutrosTIposNumericos.csproj", "{CFE9D4DD-6B53-4AF8-9F19-59D972B0F5D7}"
EndProject
Project("{FAE04EC0-301F-11D3-BF4B-00C04F79EFBC}") = "5-CaracteresETextos", "5-CaracteresETextos\5-CaracteresETextos.csproj", "{8625E5FD-A1B7-4244-939D-124B8AA5FD2F}"
EndProject
Project("{FAE04EC0-301F-11D3-BF4B-00C04F79EFBC}") = "6-AtribuicoesDeVariaveis", "6-AtribuicoesDeVariaveis\6-AtribuicoesDeVariaveis.csproj", "{5C86D5B7-0A52-4C24-8210-C542A29B6D71}"
EndProject
Project("{FAE04EC0-301F-11D3-BF4B-00C04F79EFBC}") = "7-Condicionais", "7-Condicionais\7-Condicionais.csproj", "{74D7B6FD-4407-41EE-B2DE-BC7504A6777C}"
EndProject
Project("{FAE04EC0-301F-11D3-BF4B-00C04F79EFBC}") = "8-Condicionais2", "8-Condicionais2\8-Condicionais2.csproj", "{D8FD19F3-A45D-453E-9B87-4F6A3FEBE9A5}"
EndProject
Project("{FAE04EC0-301F-11D3-BF4B-00C04F79EFBC}") = "9-Escopos", "9-Escopos\9-Escopos.csproj", "{77320E19-8009-481B-B9C3-886FC8F7E6DD}"
EndProject
Project("{FAE04EC0-301F-11D3-BF4B-00C04F79EFBC}") = "9.1-UtilizandoOSwitch", "9.1-UtilizandoOSwitch\9.1-UtilizandoOSwitch.csproj", "{F20F4119-BE96-40BF-8B4B-0D7DCFE093C6}"
EndProject
Project("{FAE04EC0-301F-11D3-BF4B-00C04F79EFBC}") = "P10-CalculaPoupanca", "P10-LacoDeRepeticaoWhile\P10-CalculaPoupanca.csproj", "{E8A72075-8F11-4B16-8725-BF553BEC48C9}"
EndProject
Project("{FAE04EC0-301F-11D3-BF4B-00C04F79EFBC}") = "P11-CalculaPoupanca2", "P11-LacoDeRepeticaoFor\P11-CalculaPoupanca2.csproj", "{9EC4D3AE-65C5-4CC6-815F-E408F0EC128C}"
EndProject
Project("{2150E333-8FDC-42A3-9474-1A3956D46DE8}") = "ExerciciosCSharp", "ExerciciosCSharp", "{CE8629C1-317D-4183-8B13-8A153E47BB25}"
EndProject
Project("{FAE04EC0-301F-11D3-BF4B-00C04F79EFBC}") = "CriandoVariaveis", "CriandoVariaveis\CriandoVariaveis.csproj", "{EAACD57E-C331-43DF-BBEC-5F394DE7587E}"
EndProject
Project("{2150E333-8FDC-42A3-9474-1A3956D46DE8}") = "Aulas", "Aulas", "{D70C9AD6-0317-4DA3-B0C2-7EE3EEE74FE2}"
EndProject
Project("{FAE04EC0-301F-11D3-BF4B-00C04F79EFBC}") = "TestaPontoFlutuante", "TestaPontoFlutuante\TestaPontoFlutuante.csproj", "{4081B55E-512F-4CCC-B6F1-D5F3A165D881}"
EndProject
Project("{FAE04EC0-301F-11D3-BF4B-00C04F79EFBC}") = "ConversoesEOutrosTiposNumericos", "ConversoesEOutrosTiposNumericos\ConversoesEOutrosTiposNumericos.csproj", "{09A58D4E-CA1E-41F4-98D0-C4717C21A034}"
EndProject
Project("{FAE04EC0-301F-11D3-BF4B-00C04F79EFBC}") = "CaracteresETextos", "CaracteresETextos\CaracteresETextos.csproj", "{7B11E525-8AA8-4E44-B3C6-B88A14827335}"
EndProject
Project("{FAE04EC0-301F-11D3-BF4B-00C04F79EFBC}") = "Condicional", "Condicional\Condicional.csproj", "{5932FE4C-032D-4C8E-AE79-537F42A81EA3}"
EndProject
Project("{FAE04EC0-301F-11D3-BF4B-00C04F79EFBC}") = "TestaCondicional2", "TestaCondicional2\TestaCondicional2.csproj", "{9D131FAB-129B-459A-8408-17DD19F91BBD}"
EndProject
Project("{FAE04EC0-301F-11D3-BF4B-00C04F79EFBC}") = "TestaEscopo", "TestaEscopo\TestaEscopo.csproj", "{75F3E711-B209-4671-80AD-98C9267C15A1}"
EndProject
Project("{FAE04EC0-301F-11D3-BF4B-00C04F79EFBC}") = "LacoDeRepeticaoWhile", "LacoDeRepeticaoWhile\LacoDeRepeticaoWhile.csproj", "{9DFBF811-781F-4942-9108-3B5C2ABE208C}"
EndProject
Project("{FAE04EC0-301F-11D3-BF4B-00C04F79EFBC}") = "LaçoDeRepeticaoFor", "LaçoDeRepeticaoFor\LaçoDeRepeticaoFor.csproj", "{E0A6856F-0572-4D2D-9827-E5A9B5102DCD}"
EndProject
Project("{FAE04EC0-301F-11D3-BF4B-00C04F79EFBC}") = "P12-CalculaInvestimentoLongoPrazo", "P12-CalculaInvestimentoLongoPrazo\P12-CalculaInvestimentoLongoPrazo.csproj", "{C2416D13-26F5-4614-B0CB-EA2379A0AF89}"
EndProject
Project("{FAE04EC0-301F-11D3-BF4B-00C04F79EFBC}") = "P13-ForEncadeado", "P13-ForEncadeado\P13-ForEncadeado.csproj", "{1721C35D-7C24-40FF-990D-D26D823CB66C}"
EndProject
Project("{2150E333-8FDC-42A3-9474-1A3956D46DE8}") = "ByteBank", "ByteBank", "{DE8755DF-E156-4647-927C-8B02831FA7FE}"
EndProject
Project("{FAE04EC0-301F-11D3-BF4B-00C04F79EFBC}") = "01-ByteBank", "01-ByteBank\01-ByteBank.csproj", "{C90B79CC-DEFD-44F0-8975-C20F09DCDA10}"
EndProject
Project("{FAE04EC0-301F-11D3-BF4B-00C04F79EFBC}") = "02-ByteBank", "02-ByteBank\02-ByteBank.csproj", "{A1DAB617-5461-43EA-9499-C0E2E40956AC}"
EndProject
Project("{FAE04EC0-301F-11D3-BF4B-00C04F79EFBC}") = "03-ByteBank", "03-ByteBank\03-ByteBank.csproj", "{A6DF90B8-5E3D-4261-875A-0A1F47B83569}"
EndProject
Project("{FAE04EC0-301F-11D3-BF4B-00C04F79EFBC}") = "04-ByteBank", "04-ByteBank\04-ByteBank.csproj", "{72AABFE8-D3F7-4103-91FF-65A139CA81C8}"
EndProject
Project("{FAE04EC0-301F-11D3-BF4B-00C04F79EFBC}") = "05-ByteBank", "05-ByteBank\05-ByteBank.csproj", "{4C1A444C-D6DA-4DDE-BDC4-9C01A3229189}"
EndProject
Project("{FAE04EC0-301F-11D3-BF4B-00C04F79EFBC}") = "06-ByteBank", "06-ByteBank\06-ByteBank.csproj", "{CFBDABF4-4F0E-4099-8F17-883D9664049F}"
EndProject
Project("{FAE04EC0-301F-11D3-BF4B-00C04F79EFBC}") = "07-ByteBank", "07-ByteBank\07-ByteBank.csproj", "{06B6033B-D5E3-4DC7-9F5A-4C6259A8763D}"
EndProject
Global
	GlobalSection(SolutionConfigurationPlatforms) = preSolution
		Debug|Any CPU = Debug|Any CPU
		Release|Any CPU = Release|Any CPU
	EndGlobalSection
	GlobalSection(ProjectConfigurationPlatforms) = postSolution
		{A67407B3-2412-4CFF-9656-482CB7AE3455}.Debug|Any CPU.ActiveCfg = Debug|Any CPU
		{A67407B3-2412-4CFF-9656-482CB7AE3455}.Debug|Any CPU.Build.0 = Debug|Any CPU
		{A67407B3-2412-4CFF-9656-482CB7AE3455}.Release|Any CPU.ActiveCfg = Release|Any CPU
		{A67407B3-2412-4CFF-9656-482CB7AE3455}.Release|Any CPU.Build.0 = Release|Any CPU
		{992C43E7-FC62-409C-BE27-BBECF4CE324F}.Debug|Any CPU.ActiveCfg = Debug|Any CPU
		{992C43E7-FC62-409C-BE27-BBECF4CE324F}.Debug|Any CPU.Build.0 = Debug|Any CPU
		{992C43E7-FC62-409C-BE27-BBECF4CE324F}.Release|Any CPU.ActiveCfg = Release|Any CPU
		{992C43E7-FC62-409C-BE27-BBECF4CE324F}.Release|Any CPU.Build.0 = Release|Any CPU
		{AAEE3F38-C714-422E-B73F-C57356EC5E4C}.Debug|Any CPU.ActiveCfg = Debug|Any CPU
		{AAEE3F38-C714-422E-B73F-C57356EC5E4C}.Debug|Any CPU.Build.0 = Debug|Any CPU
		{AAEE3F38-C714-422E-B73F-C57356EC5E4C}.Release|Any CPU.ActiveCfg = Release|Any CPU
		{AAEE3F38-C714-422E-B73F-C57356EC5E4C}.Release|Any CPU.Build.0 = Release|Any CPU
		{CFE9D4DD-6B53-4AF8-9F19-59D972B0F5D7}.Debug|Any CPU.ActiveCfg = Debug|Any CPU
		{CFE9D4DD-6B53-4AF8-9F19-59D972B0F5D7}.Debug|Any CPU.Build.0 = Debug|Any CPU
		{CFE9D4DD-6B53-4AF8-9F19-59D972B0F5D7}.Release|Any CPU.ActiveCfg = Release|Any CPU
		{CFE9D4DD-6B53-4AF8-9F19-59D972B0F5D7}.Release|Any CPU.Build.0 = Release|Any CPU
		{8625E5FD-A1B7-4244-939D-124B8AA5FD2F}.Debug|Any CPU.ActiveCfg = Debug|Any CPU
		{8625E5FD-A1B7-4244-939D-124B8AA5FD2F}.Debug|Any CPU.Build.0 = Debug|Any CPU
		{8625E5FD-A1B7-4244-939D-124B8AA5FD2F}.Release|Any CPU.ActiveCfg = Release|Any CPU
		{8625E5FD-A1B7-4244-939D-124B8AA5FD2F}.Release|Any CPU.Build.0 = Release|Any CPU
		{5C86D5B7-0A52-4C24-8210-C542A29B6D71}.Debug|Any CPU.ActiveCfg = Debug|Any CPU
		{5C86D5B7-0A52-4C24-8210-C542A29B6D71}.Debug|Any CPU.Build.0 = Debug|Any CPU
		{5C86D5B7-0A52-4C24-8210-C542A29B6D71}.Release|Any CPU.ActiveCfg = Release|Any CPU
		{5C86D5B7-0A52-4C24-8210-C542A29B6D71}.Release|Any CPU.Build.0 = Release|Any CPU
		{74D7B6FD-4407-41EE-B2DE-BC7504A6777C}.Debug|Any CPU.ActiveCfg = Debug|Any CPU
		{74D7B6FD-4407-41EE-B2DE-BC7504A6777C}.Debug|Any CPU.Build.0 = Debug|Any CPU
		{74D7B6FD-4407-41EE-B2DE-BC7504A6777C}.Release|Any CPU.ActiveCfg = Release|Any CPU
		{74D7B6FD-4407-41EE-B2DE-BC7504A6777C}.Release|Any CPU.Build.0 = Release|Any CPU
		{D8FD19F3-A45D-453E-9B87-4F6A3FEBE9A5}.Debug|Any CPU.ActiveCfg = Debug|Any CPU
		{D8FD19F3-A45D-453E-9B87-4F6A3FEBE9A5}.Debug|Any CPU.Build.0 = Debug|Any CPU
		{D8FD19F3-A45D-453E-9B87-4F6A3FEBE9A5}.Release|Any CPU.ActiveCfg = Release|Any CPU
		{D8FD19F3-A45D-453E-9B87-4F6A3FEBE9A5}.Release|Any CPU.Build.0 = Release|Any CPU
		{77320E19-8009-481B-B9C3-886FC8F7E6DD}.Debug|Any CPU.ActiveCfg = Debug|Any CPU
		{77320E19-8009-481B-B9C3-886FC8F7E6DD}.Debug|Any CPU.Build.0 = Debug|Any CPU
		{77320E19-8009-481B-B9C3-886FC8F7E6DD}.Release|Any CPU.ActiveCfg = Release|Any CPU
		{77320E19-8009-481B-B9C3-886FC8F7E6DD}.Release|Any CPU.Build.0 = Release|Any CPU
		{F20F4119-BE96-40BF-8B4B-0D7DCFE093C6}.Debug|Any CPU.ActiveCfg = Debug|Any CPU
		{F20F4119-BE96-40BF-8B4B-0D7DCFE093C6}.Debug|Any CPU.Build.0 = Debug|Any CPU
		{F20F4119-BE96-40BF-8B4B-0D7DCFE093C6}.Release|Any CPU.ActiveCfg = Release|Any CPU
		{F20F4119-BE96-40BF-8B4B-0D7DCFE093C6}.Release|Any CPU.Build.0 = Release|Any CPU
		{E8A72075-8F11-4B16-8725-BF553BEC48C9}.Debug|Any CPU.ActiveCfg = Debug|Any CPU
		{E8A72075-8F11-4B16-8725-BF553BEC48C9}.Debug|Any CPU.Build.0 = Debug|Any CPU
		{E8A72075-8F11-4B16-8725-BF553BEC48C9}.Release|Any CPU.ActiveCfg = Release|Any CPU
		{E8A72075-8F11-4B16-8725-BF553BEC48C9}.Release|Any CPU.Build.0 = Release|Any CPU
		{9EC4D3AE-65C5-4CC6-815F-E408F0EC128C}.Debug|Any CPU.ActiveCfg = Debug|Any CPU
		{9EC4D3AE-65C5-4CC6-815F-E408F0EC128C}.Debug|Any CPU.Build.0 = Debug|Any CPU
		{9EC4D3AE-65C5-4CC6-815F-E408F0EC128C}.Release|Any CPU.ActiveCfg = Release|Any CPU
		{9EC4D3AE-65C5-4CC6-815F-E408F0EC128C}.Release|Any CPU.Build.0 = Release|Any CPU
		{EAACD57E-C331-43DF-BBEC-5F394DE7587E}.Debug|Any CPU.ActiveCfg = Debug|Any CPU
		{EAACD57E-C331-43DF-BBEC-5F394DE7587E}.Debug|Any CPU.Build.0 = Debug|Any CPU
		{EAACD57E-C331-43DF-BBEC-5F394DE7587E}.Release|Any CPU.ActiveCfg = Release|Any CPU
		{EAACD57E-C331-43DF-BBEC-5F394DE7587E}.Release|Any CPU.Build.0 = Release|Any CPU
		{4081B55E-512F-4CCC-B6F1-D5F3A165D881}.Debug|Any CPU.ActiveCfg = Debug|Any CPU
		{4081B55E-512F-4CCC-B6F1-D5F3A165D881}.Debug|Any CPU.Build.0 = Debug|Any CPU
		{4081B55E-512F-4CCC-B6F1-D5F3A165D881}.Release|Any CPU.ActiveCfg = Release|Any CPU
		{4081B55E-512F-4CCC-B6F1-D5F3A165D881}.Release|Any CPU.Build.0 = Release|Any CPU
		{09A58D4E-CA1E-41F4-98D0-C4717C21A034}.Debug|Any CPU.ActiveCfg = Debug|Any CPU
		{09A58D4E-CA1E-41F4-98D0-C4717C21A034}.Debug|Any CPU.Build.0 = Debug|Any CPU
		{09A58D4E-CA1E-41F4-98D0-C4717C21A034}.Release|Any CPU.ActiveCfg = Release|Any CPU
		{09A58D4E-CA1E-41F4-98D0-C4717C21A034}.Release|Any CPU.Build.0 = Release|Any CPU
		{7B11E525-8AA8-4E44-B3C6-B88A14827335}.Debug|Any CPU.ActiveCfg = Debug|Any CPU
		{7B11E525-8AA8-4E44-B3C6-B88A14827335}.Debug|Any CPU.Build.0 = Debug|Any CPU
		{7B11E525-8AA8-4E44-B3C6-B88A14827335}.Release|Any CPU.ActiveCfg = Release|Any CPU
		{7B11E525-8AA8-4E44-B3C6-B88A14827335}.Release|Any CPU.Build.0 = Release|Any CPU
		{5932FE4C-032D-4C8E-AE79-537F42A81EA3}.Debug|Any CPU.ActiveCfg = Debug|Any CPU
		{5932FE4C-032D-4C8E-AE79-537F42A81EA3}.Debug|Any CPU.Build.0 = Debug|Any CPU
		{5932FE4C-032D-4C8E-AE79-537F42A81EA3}.Release|Any CPU.ActiveCfg = Release|Any CPU
		{5932FE4C-032D-4C8E-AE79-537F42A81EA3}.Release|Any CPU.Build.0 = Release|Any CPU
		{9D131FAB-129B-459A-8408-17DD19F91BBD}.Debug|Any CPU.ActiveCfg = Debug|Any CPU
		{9D131FAB-129B-459A-8408-17DD19F91BBD}.Debug|Any CPU.Build.0 = Debug|Any CPU
		{9D131FAB-129B-459A-8408-17DD19F91BBD}.Release|Any CPU.ActiveCfg = Release|Any CPU
		{9D131FAB-129B-459A-8408-17DD19F91BBD}.Release|Any CPU.Build.0 = Release|Any CPU
		{75F3E711-B209-4671-80AD-98C9267C15A1}.Debug|Any CPU.ActiveCfg = Debug|Any CPU
		{75F3E711-B209-4671-80AD-98C9267C15A1}.Debug|Any CPU.Build.0 = Debug|Any CPU
		{75F3E711-B209-4671-80AD-98C9267C15A1}.Release|Any CPU.ActiveCfg = Release|Any CPU
		{75F3E711-B209-4671-80AD-98C9267C15A1}.Release|Any CPU.Build.0 = Release|Any CPU
		{9DFBF811-781F-4942-9108-3B5C2ABE208C}.Debug|Any CPU.ActiveCfg = Debug|Any CPU
		{9DFBF811-781F-4942-9108-3B5C2ABE208C}.Debug|Any CPU.Build.0 = Debug|Any CPU
		{9DFBF811-781F-4942-9108-3B5C2ABE208C}.Release|Any CPU.ActiveCfg = Release|Any CPU
		{9DFBF811-781F-4942-9108-3B5C2ABE208C}.Release|Any CPU.Build.0 = Release|Any CPU
		{E0A6856F-0572-4D2D-9827-E5A9B5102DCD}.Debug|Any CPU.ActiveCfg = Debug|Any CPU
		{E0A6856F-0572-4D2D-9827-E5A9B5102DCD}.Debug|Any CPU.Build.0 = Debug|Any CPU
		{E0A6856F-0572-4D2D-9827-E5A9B5102DCD}.Release|Any CPU.ActiveCfg = Release|Any CPU
		{E0A6856F-0572-4D2D-9827-E5A9B5102DCD}.Release|Any CPU.Build.0 = Release|Any CPU
		{C2416D13-26F5-4614-B0CB-EA2379A0AF89}.Debug|Any CPU.ActiveCfg = Debug|Any CPU
		{C2416D13-26F5-4614-B0CB-EA2379A0AF89}.Debug|Any CPU.Build.0 = Debug|Any CPU
		{C2416D13-26F5-4614-B0CB-EA2379A0AF89}.Release|Any CPU.ActiveCfg = Release|Any CPU
		{C2416D13-26F5-4614-B0CB-EA2379A0AF89}.Release|Any CPU.Build.0 = Release|Any CPU
		{1721C35D-7C24-40FF-990D-D26D823CB66C}.Debug|Any CPU.ActiveCfg = Debug|Any CPU
		{1721C35D-7C24-40FF-990D-D26D823CB66C}.Debug|Any CPU.Build.0 = Debug|Any CPU
		{1721C35D-7C24-40FF-990D-D26D823CB66C}.Release|Any CPU.ActiveCfg = Release|Any CPU
		{1721C35D-7C24-40FF-990D-D26D823CB66C}.Release|Any CPU.Build.0 = Release|Any CPU
		{C90B79CC-DEFD-44F0-8975-C20F09DCDA10}.Debug|Any CPU.ActiveCfg = Debug|Any CPU
		{C90B79CC-DEFD-44F0-8975-C20F09DCDA10}.Debug|Any CPU.Build.0 = Debug|Any CPU
		{C90B79CC-DEFD-44F0-8975-C20F09DCDA10}.Release|Any CPU.ActiveCfg = Release|Any CPU
		{C90B79CC-DEFD-44F0-8975-C20F09DCDA10}.Release|Any CPU.Build.0 = Release|Any CPU
		{A1DAB617-5461-43EA-9499-C0E2E40956AC}.Debug|Any CPU.ActiveCfg = Debug|Any CPU
		{A1DAB617-5461-43EA-9499-C0E2E40956AC}.Debug|Any CPU.Build.0 = Debug|Any CPU
		{A1DAB617-5461-43EA-9499-C0E2E40956AC}.Release|Any CPU.ActiveCfg = Release|Any CPU
		{A1DAB617-5461-43EA-9499-C0E2E40956AC}.Release|Any CPU.Build.0 = Release|Any CPU
		{A6DF90B8-5E3D-4261-875A-0A1F47B83569}.Debug|Any CPU.ActiveCfg = Debug|Any CPU
		{A6DF90B8-5E3D-4261-875A-0A1F47B83569}.Debug|Any CPU.Build.0 = Debug|Any CPU
		{A6DF90B8-5E3D-4261-875A-0A1F47B83569}.Release|Any CPU.ActiveCfg = Release|Any CPU
		{A6DF90B8-5E3D-4261-875A-0A1F47B83569}.Release|Any CPU.Build.0 = Release|Any CPU
		{72AABFE8-D3F7-4103-91FF-65A139CA81C8}.Debug|Any CPU.ActiveCfg = Debug|Any CPU
		{72AABFE8-D3F7-4103-91FF-65A139CA81C8}.Debug|Any CPU.Build.0 = Debug|Any CPU
		{72AABFE8-D3F7-4103-91FF-65A139CA81C8}.Release|Any CPU.ActiveCfg = Release|Any CPU
		{72AABFE8-D3F7-4103-91FF-65A139CA81C8}.Release|Any CPU.Build.0 = Release|Any CPU
		{4C1A444C-D6DA-4DDE-BDC4-9C01A3229189}.Debug|Any CPU.ActiveCfg = Debug|Any CPU
		{4C1A444C-D6DA-4DDE-BDC4-9C01A3229189}.Debug|Any CPU.Build.0 = Debug|Any CPU
		{4C1A444C-D6DA-4DDE-BDC4-9C01A3229189}.Release|Any CPU.ActiveCfg = Release|Any CPU
		{4C1A444C-D6DA-4DDE-BDC4-9C01A3229189}.Release|Any CPU.Build.0 = Release|Any CPU
		{CFBDABF4-4F0E-4099-8F17-883D9664049F}.Debug|Any CPU.ActiveCfg = Debug|Any CPU
		{CFBDABF4-4F0E-4099-8F17-883D9664049F}.Debug|Any CPU.Build.0 = Debug|Any CPU
		{CFBDABF4-4F0E-4099-8F17-883D9664049F}.Release|Any CPU.ActiveCfg = Release|Any CPU
		{CFBDABF4-4F0E-4099-8F17-883D9664049F}.Release|Any CPU.Build.0 = Release|Any CPU
		{06B6033B-D5E3-4DC7-9F5A-4C6259A8763D}.Debug|Any CPU.ActiveCfg = Debug|Any CPU
		{06B6033B-D5E3-4DC7-9F5A-4C6259A8763D}.Debug|Any CPU.Build.0 = Debug|Any CPU
		{06B6033B-D5E3-4DC7-9F5A-4C6259A8763D}.Release|Any CPU.ActiveCfg = Release|Any CPU
		{06B6033B-D5E3-4DC7-9F5A-4C6259A8763D}.Release|Any CPU.Build.0 = Release|Any CPU
	EndGlobalSection
	GlobalSection(SolutionProperties) = preSolution
		HideSolutionNode = FALSE
	EndGlobalSection
	GlobalSection(NestedProjects) = preSolution
		{A67407B3-2412-4CFF-9656-482CB7AE3455} = {D70C9AD6-0317-4DA3-B0C2-7EE3EEE74FE2}
		{992C43E7-FC62-409C-BE27-BBECF4CE324F} = {D70C9AD6-0317-4DA3-B0C2-7EE3EEE74FE2}
		{AAEE3F38-C714-422E-B73F-C57356EC5E4C} = {D70C9AD6-0317-4DA3-B0C2-7EE3EEE74FE2}
		{CFE9D4DD-6B53-4AF8-9F19-59D972B0F5D7} = {D70C9AD6-0317-4DA3-B0C2-7EE3EEE74FE2}
		{8625E5FD-A1B7-4244-939D-124B8AA5FD2F} = {D70C9AD6-0317-4DA3-B0C2-7EE3EEE74FE2}
		{5C86D5B7-0A52-4C24-8210-C542A29B6D71} = {D70C9AD6-0317-4DA3-B0C2-7EE3EEE74FE2}
		{74D7B6FD-4407-41EE-B2DE-BC7504A6777C} = {D70C9AD6-0317-4DA3-B0C2-7EE3EEE74FE2}
		{D8FD19F3-A45D-453E-9B87-4F6A3FEBE9A5} = {D70C9AD6-0317-4DA3-B0C2-7EE3EEE74FE2}
		{77320E19-8009-481B-B9C3-886FC8F7E6DD} = {D70C9AD6-0317-4DA3-B0C2-7EE3EEE74FE2}
		{F20F4119-BE96-40BF-8B4B-0D7DCFE093C6} = {D70C9AD6-0317-4DA3-B0C2-7EE3EEE74FE2}
		{E8A72075-8F11-4B16-8725-BF553BEC48C9} = {D70C9AD6-0317-4DA3-B0C2-7EE3EEE74FE2}
		{9EC4D3AE-65C5-4CC6-815F-E408F0EC128C} = {D70C9AD6-0317-4DA3-B0C2-7EE3EEE74FE2}
		{EAACD57E-C331-43DF-BBEC-5F394DE7587E} = {CE8629C1-317D-4183-8B13-8A153E47BB25}
		{4081B55E-512F-4CCC-B6F1-D5F3A165D881} = {CE8629C1-317D-4183-8B13-8A153E47BB25}
		{09A58D4E-CA1E-41F4-98D0-C4717C21A034} = {CE8629C1-317D-4183-8B13-8A153E47BB25}
		{7B11E525-8AA8-4E44-B3C6-B88A14827335} = {CE8629C1-317D-4183-8B13-8A153E47BB25}
		{5932FE4C-032D-4C8E-AE79-537F42A81EA3} = {CE8629C1-317D-4183-8B13-8A153E47BB25}
		{9D131FAB-129B-459A-8408-17DD19F91BBD} = {CE8629C1-317D-4183-8B13-8A153E47BB25}
		{75F3E711-B209-4671-80AD-98C9267C15A1} = {CE8629C1-317D-4183-8B13-8A153E47BB25}
		{9DFBF811-781F-4942-9108-3B5C2ABE208C} = {CE8629C1-317D-4183-8B13-8A153E47BB25}
		{E0A6856F-0572-4D2D-9827-E5A9B5102DCD} = {CE8629C1-317D-4183-8B13-8A153E47BB25}
		{C2416D13-26F5-4614-B0CB-EA2379A0AF89} = {D70C9AD6-0317-4DA3-B0C2-7EE3EEE74FE2}
		{1721C35D-7C24-40FF-990D-D26D823CB66C} = {D70C9AD6-0317-4DA3-B0C2-7EE3EEE74FE2}
		{C90B79CC-DEFD-44F0-8975-C20F09DCDA10} = {DE8755DF-E156-4647-927C-8B02831FA7FE}
		{A1DAB617-5461-43EA-9499-C0E2E40956AC} = {DE8755DF-E156-4647-927C-8B02831FA7FE}
		{A6DF90B8-5E3D-4261-875A-0A1F47B83569} = {DE8755DF-E156-4647-927C-8B02831FA7FE}
		{72AABFE8-D3F7-4103-91FF-65A139CA81C8} = {DE8755DF-E156-4647-927C-8B02831FA7FE}
		{4C1A444C-D6DA-4DDE-BDC4-9C01A3229189} = {DE8755DF-E156-4647-927C-8B02831FA7FE}
		{CFBDABF4-4F0E-4099-8F17-883D9664049F} = {DE8755DF-E156-4647-927C-8B02831FA7FE}
		{06B6033B-D5E3-4DC7-9F5A-4C6259A8763D} = {DE8755DF-E156-4647-927C-8B02831FA7FE}
	EndGlobalSection
	GlobalSection(ExtensibilityGlobals) = postSolution
		SolutionGuid = {7C43B3AA-48C0-4C58-B9B1-DF58D7D9AA97}
	EndGlobalSection
EndGlobal
